
Microsoft Visual Studio Solution File, Format Version 12.00
# Visual Studio Version 17
VisualStudioVersion = 17.5.002.0
MinimumVisualStudioVersion = 10.0.40219.1
Project("{9A19103F-16F7-4668-BE54-9A1E7A4F7556}") = "ContosoPizza", "ContosoPizza.csproj", "{659E9FAF-3B9A-4FDF-9141-CC3601F43970}"
EndProject
Global
	GlobalSection(SolutionConfigurationPlatforms) = preSolution
		Debug|Any CPU = Debug|Any CPU
		Release|Any CPU = Release|Any CPU
	EndGlobalSection
	GlobalSection(ProjectConfigurationPlatforms) = postSolution
		{659E9FAF-3B9A-4FDF-9141-CC3601F43970}.Debug|Any CPU.ActiveCfg = Debug|Any CPU
		{659E9FAF-3B9A-4FDF-9141-CC3601F43970}.Debug|Any CPU.Build.0 = Debug|Any CPU
		{659E9FAF-3B9A-4FDF-9141-CC3601F43970}.Release|Any CPU.ActiveCfg = Release|Any CPU
		{659E9FAF-3B9A-4FDF-9141-CC3601F43970}.Release|Any CPU.Build.0 = Release|Any CPU
	EndGlobalSection
	GlobalSection(SolutionProperties) = preSolution
		HideSolutionNode = FALSE
	EndGlobalSection
	GlobalSection(ExtensibilityGlobals) = postSolution
		SolutionGuid = {5D2C24EE-5C86-4E80-8C5D-9E6FCB89554D}
	EndGlobalSection
EndGlobal
